
Microsoft Visual Studio Solution File, Format Version 12.00
# Visual Studio Version 17
VisualStudioVersion = 17.4.33403.182
MinimumVisualStudioVersion = 10.0.40219.1
Project("{FAE04EC0-301F-11D3-BF4B-00C04F79EFBC}") = "ReadOnlyVectorTask", "ReadOnlyVectorTask\ReadOnlyVectorTask.csproj", "{A5E8E00E-6D8D-4D8E-BF54-55C7B59A1ADA}"
EndProject
Global
	GlobalSection(SolutionConfigurationPlatforms) = preSolution
		Debug|Any CPU = Debug|Any CPU
		Release|Any CPU = Release|Any CPU
	EndGlobalSection
	GlobalSection(ProjectConfigurationPlatforms) = postSolution
		{A5E8E00E-6D8D-4D8E-BF54-55C7B59A1ADA}.Debug|Any CPU.ActiveCfg = Debug|Any CPU
		{A5E8E00E-6D8D-4D8E-BF54-55C7B59A1ADA}.Debug|Any CPU.Build.0 = Debug|Any CPU
		{A5E8E00E-6D8D-4D8E-BF54-55C7B59A1ADA}.Release|Any CPU.ActiveCfg = Release|Any CPU
		{A5E8E00E-6D8D-4D8E-BF54-55C7B59A1ADA}.Release|Any CPU.Build.0 = Release|Any CPU
	EndGlobalSection
	GlobalSection(SolutionProperties) = preSolution
		HideSolutionNode = FALSE
	EndGlobalSection
	GlobalSection(ExtensibilityGlobals) = postSolution
		SolutionGuid = {A88EDD7F-4FF3-46CF-AC6C-DD92D3148CC5}
	EndGlobalSection
EndGlobal
