
Microsoft Visual Studio Solution File, Format Version 12.00
# Visual Studio Version 17
VisualStudioVersion = 17.4.33213.308
MinimumVisualStudioVersion = 10.0.40219.1
Project("{FAE04EC0-301F-11D3-BF4B-00C04F79EFBC}") = "Seminar1", "Seminar1\Seminar1.csproj", "{0053DA7A-7DDA-49EF-A1F2-F16204C5921F}"
EndProject
Global
	GlobalSection(SolutionConfigurationPlatforms) = preSolution
		Debug|Any CPU = Debug|Any CPU
		Release|Any CPU = Release|Any CPU
	EndGlobalSection
	GlobalSection(ProjectConfigurationPlatforms) = postSolution
		{0053DA7A-7DDA-49EF-A1F2-F16204C5921F}.Debug|Any CPU.ActiveCfg = Debug|Any CPU
		{0053DA7A-7DDA-49EF-A1F2-F16204C5921F}.Debug|Any CPU.Build.0 = Debug|Any CPU
		{0053DA7A-7DDA-49EF-A1F2-F16204C5921F}.Release|Any CPU.ActiveCfg = Release|Any CPU
		{0053DA7A-7DDA-49EF-A1F2-F16204C5921F}.Release|Any CPU.Build.0 = Release|Any CPU
	EndGlobalSection
	GlobalSection(SolutionProperties) = preSolution
		HideSolutionNode = FALSE
	EndGlobalSection
	GlobalSection(ExtensibilityGlobals) = postSolution
		SolutionGuid = {DC578EAC-D46C-4B33-88F1-D6883B94B088}
	EndGlobalSection
EndGlobal
